<?xml version="1.0" encoding="utf-8"?>
<Project ToolsVersion="4.0" xmlns="http://schemas.microsoft.com/developer/msbuild/2003">
  <ItemGroup>
    <Filter Include="Core">
      <UniqueIdentifier>{97d09d34-e88f-4a4f-842d-12d856a31497}</UniqueIdentifier>
    </Filter>
    <Filter Include="Entities">
      <UniqueIdentifier>{9ca6f6c8-6139-4789-8520-eaa56098dee4}</UniqueIdentifier>
    </Filter>
    <Filter Include="Games">
      <UniqueIdentifier>{a47084c8-9a16-499f-be4c-c6658dba7258}</UniqueIdentifier>
    </Filter>
    <Filter Include="Misc">
      <UniqueIdentifier>{1b4a783d-1e03-4ca1-a0c5-5ca1eb1bb9d3}</UniqueIdentifier>
    </Filter>
    <Filter Include="ThirdParty">
      <UniqueIdentifier>{946c4228-bd03-45fb-a5b6-37b42ad0a2bf}</UniqueIdentifier>
    </Filter>
    <Filter Include="ThirdParty\imgui">
      <UniqueIdentifier>{2eaaf67b-784f-4f25-b431-b84a239e4ecc}</UniqueIdentifier>
    </Filter>
    <Filter Include="Utilities">
      <UniqueIdentifier>{a992f258-3045-47b8-8658-66bcce393788}</UniqueIdentifier>
    </Filter>
    <Filter Include="Debug">
      <UniqueIdentifier>{70d161f0-d047-43c8-ade9-036bfe428dc5}</UniqueIdentifier>
    </Filter>
    <Filter Include="Render">
      <UniqueIdentifier>{39cc6575-67eb-4652-a78d-4a1c30752488}</UniqueIdentifier>
    </Filter>
    <Filter Include="Threading">
      <UniqueIdentifier>{425898cc-a80a-45d3-b514-0c8f84c7354b}</UniqueIdentifier>
    </Filter>
  </ItemGroup>
  <ItemGroup>
    <ClCompile Include="Event.cpp">
      <Filter>Core</Filter>
    </ClCompile>
    <ClCompile Include="Game.cpp">
      <Filter>Core</Filter>
    </ClCompile>
    <ClCompile Include="Mesh.cpp">
      <Filter>Core</Filter>
    </ClCompile>
    <ClCompile Include="Source.cpp">
      <Filter>Core</Filter>
    </ClCompile>
    <ClCompile Include="State.cpp">
      <Filter>Core</Filter>
    </ClCompile>
    <ClCompile Include="ColliderEntity.cpp">
      <Filter>Entities</Filter>
    </ClCompile>
    <ClCompile Include="Entity.cpp">
      <Filter>Entities</Filter>
    </ClCompile>
    <ClCompile Include="TextEntity.cpp">
      <Filter>Entities</Filter>
    </ClCompile>
    <ClCompile Include="TriPlay.cpp">
      <Filter>Games</Filter>
    </ClCompile>
    <ClCompile Include="UiTest.cpp">
      <Filter>Games</Filter>
    </ClCompile>
    <ClCompile Include="ThirdParty\Source\imgui\imgui.cpp">
      <Filter>ThirdParty\imgui</Filter>
    </ClCompile>
    <ClCompile Include="ThirdParty\Source\imgui\imgui_demo.cpp">
      <Filter>ThirdParty\imgui</Filter>
    </ClCompile>
    <ClCompile Include="ThirdParty\Source\imgui\imgui_draw.cpp">
      <Filter>ThirdParty\imgui</Filter>
    </ClCompile>
    <ClCompile Include="Color.cpp">
      <Filter>Utilities</Filter>
    </ClCompile>
    <ClCompile Include="MarchMath.cpp">
      <Filter>Utilities</Filter>
    </ClCompile>
    <ClCompile Include="ModelHelper.cpp">
      <Filter>Utilities</Filter>
    </ClCompile>
    <ClCompile Include="ShaderHelper.cpp">
      <Filter>Utilities</Filter>
    </ClCompile>
    <ClCompile Include="utility.cpp">
      <Filter>Utilities</Filter>
    </ClCompile>
    <ClCompile Include="UV.cpp">
      <Filter>Utilities</Filter>
    </ClCompile>
    <ClCompile Include="Transform.cpp">
      <Filter>Misc</Filter>
    </ClCompile>
    <ClCompile Include="Collider.cpp">
      <Filter>Misc</Filter>
    </ClCompile>
    <ClCompile Include="CollisionManager.cpp">
      <Filter>Misc</Filter>
    </ClCompile>
    <ClCompile Include="RigidBody.cpp">
      <Filter>Misc</Filter>
    </ClCompile>
    <ClCompile Include="GLDebug.cpp">
      <Filter>Debug</Filter>
    </ClCompile>
    <ClCompile Include="DrawDebug.cpp">
      <Filter>Debug</Filter>
    </ClCompile>
    <ClCompile Include="Text.cpp">
      <Filter>Render</Filter>
    </ClCompile>
    <ClCompile Include="Drawable.cpp">
      <Filter>Render</Filter>
    </ClCompile>
    <ClCompile Include="UI.cpp">
      <Filter>Render</Filter>
    </ClCompile>
    <ClCompile Include="DrawMesh.cpp">
      <Filter>Render</Filter>
    </ClCompile>
    <ClCompile Include="gl_structs.cpp">
      <Filter>Utilities</Filter>
    </ClCompile>
    <ClCompile Include="Render.cpp">
      <Filter>Render</Filter>
    </ClCompile>
    <ClCompile Include="Material.cpp">
      <Filter>Render</Filter>
    </ClCompile>
    <ClCompile Include="PostProcess.cpp">
      <Filter>Render</Filter>
    </ClCompile>
    <ClCompile Include="Random.cpp">
      <Filter>Utilities</Filter>
    </ClCompile>
    <ClCompile Include="Light.cpp">
      <Filter>Render</Filter>
    </ClCompile>
    <ClCompile Include="HotSwap.cpp">
      <Filter>Utilities</Filter>
    </ClCompile>
    <ClCompile Include="TessellatorTest.cpp">
      <Filter>Games</Filter>
    </ClCompile>
    <ClCompile Include="CubemapTest.cpp">
      <Filter>Games</Filter>
    </ClCompile>
    <ClCompile Include="File.cpp">
      <Filter>Utilities</Filter>
    </ClCompile>
    <ClCompile Include="Camera.cpp">
      <Filter>Entities</Filter>
    </ClCompile>
    <ClCompile Include="ComputeEntity.cpp">
      <Filter>Entities</Filter>
    </ClCompile>
  </ItemGroup>
  <ItemGroup>
    <ClInclude Include="unique_id.h">
      <Filter>Utilities</Filter>
    </ClInclude>
    <ClInclude Include="UV.h">
      <Filter>Utilities</Filter>
    </ClInclude>
    <ClInclude Include="smart_ptr.h">
      <Filter>Utilities</Filter>
    </ClInclude>
    <ClInclude Include="ShaderHelper.h">
      <Filter>Utilities</Filter>
    </ClInclude>
    <ClInclude Include="property.h">
      <Filter>Utilities</Filter>
    </ClInclude>
    <ClInclude Include="gl_structs.h">
      <Filter>Utilities</Filter>
    </ClInclude>
    <ClInclude Include="ModelHelper.h">
      <Filter>Utilities</Filter>
    </ClInclude>
    <ClInclude Include="Color.h">
      <Filter>Utilities</Filter>
    </ClInclude>
    <ClInclude Include="Game.h">
      <Filter>Core</Filter>
    </ClInclude>
    <ClInclude Include="Event.h">
      <Filter>Core</Filter>
    </ClInclude>
    <ClInclude Include="Mesh.h">
      <Filter>Core</Filter>
    </ClInclude>
    <ClInclude Include="State.h">
      <Filter>Core</Filter>
    </ClInclude>
    <ClInclude Include="MarchMath.h">
      <Filter>Utilities</Filter>
    </ClInclude>
    <ClInclude Include="External.h">
      <Filter>Utilities</Filter>
    </ClInclude>
    <ClInclude Include="Entity.h">
      <Filter>Entities</Filter>
    </ClInclude>
    <ClInclude Include="ColliderEntity.h">
      <Filter>Entities</Filter>
    </ClInclude>
    <ClInclude Include="TextEntity.h">
      <Filter>Entities</Filter>
    </ClInclude>
    <ClInclude Include="Random.h">
      <Filter>Utilities</Filter>
    </ClInclude>
    <ClInclude Include="ThirdParty\Include\imconfig.h">
      <Filter>ThirdParty\imgui</Filter>
    </ClInclude>
    <ClInclude Include="TriPlay.h">
      <Filter>Games</Filter>
    </ClInclude>
    <ClInclude Include="UiTest.h">
      <Filter>Games</Filter>
    </ClInclude>
    <ClInclude Include="Collider.h">
      <Filter>Misc</Filter>
    </ClInclude>
    <ClInclude Include="CollisionManager.h">
      <Filter>Misc</Filter>
    </ClInclude>
    <ClInclude Include="RigidBody.h">
      <Filter>Misc</Filter>
    </ClInclude>
    <ClInclude Include="Transform.h">
      <Filter>Misc</Filter>
    </ClInclude>
    <ClInclude Include="GLError.h">
      <Filter>Debug</Filter>
    </ClInclude>
    <ClInclude Include="GLDebug.h">
      <Filter>Debug</Filter>
    </ClInclude>
    <ClInclude Include="DebugBenchmark.h">
      <Filter>Debug</Filter>
    </ClInclude>
    <ClInclude Include="DrawDebug.h">
      <Filter>Debug</Filter>
    </ClInclude>
    <ClInclude Include="Text.h">
      <Filter>Render</Filter>
    </ClInclude>
    <ClInclude Include="Drawable.h">
      <Filter>Render</Filter>
    </ClInclude>
    <ClInclude Include="UI.h">
      <Filter>Render</Filter>
    </ClInclude>
    <ClInclude Include="DrawMesh.h">
      <Filter>Render</Filter>
    </ClInclude>
    <ClInclude Include="GLmanager.h">
      <Filter>Utilities</Filter>
    </ClInclude>
    <ClInclude Include="Render.h">
      <Filter>Render</Filter>
    </ClInclude>
    <ClInclude Include="Material.h">
      <Filter>Render</Filter>
    </ClInclude>
    <ClInclude Include="PostProcess.h">
      <Filter>Render</Filter>
    </ClInclude>
    <ClInclude Include="Time.h">
      <Filter>Utilities</Filter>
    </ClInclude>
    <ClInclude Include="RenderSpecial.h">
      <Filter>Render</Filter>
    </ClInclude>
    <ClInclude Include="Light.h">
      <Filter>Render</Filter>
    </ClInclude>
    <ClInclude Include="GLstate.h">
      <Filter>Utilities</Filter>
    </ClInclude>
    <ClInclude Include="Update.h">
      <Filter>Threading</Filter>
    </ClInclude>
    <ClInclude Include="safe_queue.h">
      <Filter>Threading</Filter>
    </ClInclude>
    <ClInclude Include="File.h">
      <Filter>Utilities</Filter>
    </ClInclude>
    <ClInclude Include="HotSwap.h">
      <Filter>Utilities</Filter>
    </ClInclude>
    <ClInclude Include="TessellatorTest.h">
      <Filter>Games</Filter>
    </ClInclude>
    <ClInclude Include="CubemapTest.h">
      <Filter>Games</Filter>
    </ClInclude>
    <ClInclude Include="Camera.h">
      <Filter>Entities</Filter>
    </ClInclude>
    <ClInclude Include="ComputeEntity.h">
      <Filter>Entities</Filter>
    </ClInclude>
  </ItemGroup>
  <ItemGroup>
    <None Include="packages.config" />
  </ItemGroup>
</Project>