<?xml version="1.0" encoding="utf-8"?>
<Project ToolsVersion="4.0" xmlns="http://schemas.microsoft.com/developer/msbuild/2003">
  <ItemGroup>
    <Filter Include="Source Files">
      <UniqueIdentifier>{4FC737F1-C7A5-4376-A066-2A32D752A2FF}</UniqueIdentifier>
      <Extensions>cpp;c;cc;cxx;def;odl;idl;hpj;bat;asm;asmx</Extensions>
    </Filter>
    <Filter Include="Header Files">
      <UniqueIdentifier>{93995380-89BD-4b04-88EB-625FBE52EBFB}</UniqueIdentifier>
      <Extensions>h;hh;hpp;hxx;hm;inl;inc;xsd</Extensions>
    </Filter>
    <Filter Include="Resource Files">
      <UniqueIdentifier>{67DA6AB6-F800-4c08-8B7A-83BB121AAD01}</UniqueIdentifier>
      <Extensions>rc;ico;cur;bmp;dlg;rc2;rct;bin;rgs;gif;jpg;jpeg;jpe;resx;tiff;tif;png;wav;mfcribbon-ms</Extensions>
    </Filter>
    <Filter Include="Utilities">
      <UniqueIdentifier>{a992f258-3045-47b8-8658-66bcce393788}</UniqueIdentifier>
    </Filter>
    <Filter Include="Core">
      <UniqueIdentifier>{97d09d34-e88f-4a4f-842d-12d856a31497}</UniqueIdentifier>
    </Filter>
    <Filter Include="Misc">
      <UniqueIdentifier>{1b4a783d-1e03-4ca1-a0c5-5ca1eb1bb9d3}</UniqueIdentifier>
    </Filter>
  </ItemGroup>
  <ItemGroup>
    <ClCompile Include="Collider.cpp">
      <Filter>Source Files</Filter>
    </ClCompile>
    <ClCompile Include="ColliderEntity.cpp">
      <Filter>Source Files</Filter>
    </ClCompile>
    <ClCompile Include="Camera.cpp">
      <Filter>Source Files</Filter>
    </ClCompile>
    <ClCompile Include="Transform.cpp">
      <Filter>Source Files</Filter>
    </ClCompile>
    <ClCompile Include="DrawMesh.cpp">
      <Filter>Source Files</Filter>
    </ClCompile>
    <ClCompile Include="RigidBody.cpp">
      <Filter>Source Files</Filter>
    </ClCompile>
    <ClCompile Include="CollisionManager.cpp">
      <Filter>Source Files</Filter>
    </ClCompile>
    <ClCompile Include="UV.cpp">
      <Filter>Utilities</Filter>
    </ClCompile>
    <ClCompile Include="utility.cpp">
      <Filter>Utilities</Filter>
    </ClCompile>
    <ClCompile Include="GLDebug.cpp">
      <Filter>Utilities</Filter>
    </ClCompile>
    <ClCompile Include="ShaderHelper.cpp">
      <Filter>Utilities</Filter>
    </ClCompile>
    <ClCompile Include="ModelHelper.cpp">
      <Filter>Utilities</Filter>
    </ClCompile>
    <ClCompile Include="Drawable.cpp">
      <Filter>Core</Filter>
    </ClCompile>
    <ClCompile Include="Entity.cpp">
      <Filter>Core</Filter>
    </ClCompile>
    <ClCompile Include="Event.cpp">
      <Filter>Core</Filter>
    </ClCompile>
    <ClCompile Include="Game.cpp">
      <Filter>Core</Filter>
    </ClCompile>
    <ClCompile Include="Mesh.cpp">
      <Filter>Core</Filter>
    </ClCompile>
    <ClCompile Include="Source.cpp">
      <Filter>Core</Filter>
    </ClCompile>
    <ClCompile Include="State.cpp">
      <Filter>Core</Filter>
    </ClCompile>
    <ClCompile Include="DrawDebug.cpp">
      <Filter>Misc</Filter>
    </ClCompile>
    <ClCompile Include="MarchMath.cpp">
      <Filter>Utilities</Filter>
    </ClCompile>
    <ClCompile Include="TriPlay.cpp">
      <Filter>Source Files</Filter>
    </ClCompile>
  </ItemGroup>
  <ItemGroup>
    <ClInclude Include="Collider.h">
      <Filter>Header Files</Filter>
    </ClInclude>
    <ClInclude Include="ColliderEntity.h">
      <Filter>Header Files</Filter>
    </ClInclude>
    <ClInclude Include="Camera.h">
      <Filter>Header Files</Filter>
    </ClInclude>
    <ClInclude Include="Transform.h">
      <Filter>Header Files</Filter>
    </ClInclude>
    <ClInclude Include="DrawMesh.h">
      <Filter>Header Files</Filter>
    </ClInclude>
    <ClInclude Include="RigidBody.h">
      <Filter>Header Files</Filter>
    </ClInclude>
    <ClInclude Include="CollisionManager.h">
      <Filter>Header Files</Filter>
    </ClInclude>
    <ClInclude Include="unique_id.h">
      <Filter>Utilities</Filter>
    </ClInclude>
    <ClInclude Include="UV.h">
      <Filter>Utilities</Filter>
    </ClInclude>
    <ClInclude Include="smart_ptr.h">
      <Filter>Utilities</Filter>
    </ClInclude>
    <ClInclude Include="ShaderHelper.h">
      <Filter>Utilities</Filter>
    </ClInclude>
    <ClInclude Include="property.h">
      <Filter>Utilities</Filter>
    </ClInclude>
    <ClInclude Include="gl_structs.h">
      <Filter>Utilities</Filter>
    </ClInclude>
    <ClInclude Include="GLError.h">
      <Filter>Utilities</Filter>
    </ClInclude>
    <ClInclude Include="GLDebug.h">
      <Filter>Utilities</Filter>
    </ClInclude>
    <ClInclude Include="ModelHelper.h">
      <Filter>Utilities</Filter>
    </ClInclude>
    <ClInclude Include="Game.h">
      <Filter>Core</Filter>
    </ClInclude>
    <ClInclude Include="Event.h">
      <Filter>Core</Filter>
    </ClInclude>
    <ClInclude Include="Entity.h">
      <Filter>Core</Filter>
    </ClInclude>
    <ClInclude Include="Mouse.h">
      <Filter>Core</Filter>
    </ClInclude>
    <ClInclude Include="Mesh.h">
      <Filter>Core</Filter>
    </ClInclude>
    <ClInclude Include="Drawable.h">
      <Filter>Core</Filter>
    </ClInclude>
    <ClInclude Include="State.h">
      <Filter>Core</Filter>
    </ClInclude>
    <ClInclude Include="DrawDebug.h">
      <Filter>Misc</Filter>
    </ClInclude>
    <ClInclude Include="DebugBenchmark.h">
      <Filter>Misc</Filter>
    </ClInclude>
    <ClInclude Include="MarchMath.h">
      <Filter>Utilities</Filter>
    </ClInclude>
    <ClInclude Include="TriPlay.h">
      <Filter>Header Files</Filter>
    </ClInclude>
  </ItemGroup>
</Project>